
Microsoft Visual Studio Solution File, Format Version 12.00
# Visual Studio Version 17
VisualStudioVersion = 17.9.34607.119
MinimumVisualStudioVersion = 10.0.40219.1
Project("{9A19103F-16F7-4668-BE54-9A1E7A4F7556}") = "Movie Store Web API", "Movie Store Web API\Movie Store Web API.csproj", "{10AE534A-BF97-4848-83D8-B8D7DA7413E9}"
EndProject
Project("{FAE04EC0-301F-11D3-BF4B-00C04F79EFBC}") = "Unit Tests", "Tests\Unit Tests\Unit Tests.csproj", "{C43C3C32-1EE6-456E-A907-C06EEFA741A0}"
EndProject
Global
	GlobalSection(SolutionConfigurationPlatforms) = preSolution
		Debug|Any CPU = Debug|Any CPU
		Release|Any CPU = Release|Any CPU
	EndGlobalSection
	GlobalSection(ProjectConfigurationPlatforms) = postSolution
		{10AE534A-BF97-4848-83D8-B8D7DA7413E9}.Debug|Any CPU.ActiveCfg = Debug|Any CPU
		{10AE534A-BF97-4848-83D8-B8D7DA7413E9}.Debug|Any CPU.Build.0 = Debug|Any CPU
		{10AE534A-BF97-4848-83D8-B8D7DA7413E9}.Release|Any CPU.ActiveCfg = Release|Any CPU
		{10AE534A-BF97-4848-83D8-B8D7DA7413E9}.Release|Any CPU.Build.0 = Release|Any CPU
		{C43C3C32-1EE6-456E-A907-C06EEFA741A0}.Debug|Any CPU.ActiveCfg = Debug|Any CPU
		{C43C3C32-1EE6-456E-A907-C06EEFA741A0}.Debug|Any CPU.Build.0 = Debug|Any CPU
		{C43C3C32-1EE6-456E-A907-C06EEFA741A0}.Release|Any CPU.ActiveCfg = Release|Any CPU
		{C43C3C32-1EE6-456E-A907-C06EEFA741A0}.Release|Any CPU.Build.0 = Release|Any CPU
	EndGlobalSection
	GlobalSection(SolutionProperties) = preSolution
		HideSolutionNode = FALSE
	EndGlobalSection
	GlobalSection(ExtensibilityGlobals) = postSolution
		SolutionGuid = {FCDCD6E3-9FBD-41FE-840F-C54767356E08}
	EndGlobalSection
EndGlobal
